Microsoft Visual Studio Solution File, Format Version 11.00
# Visual Studio 2008

Project("{E2D35A19-E2BD-EF86-F0B4-6C6E9EC3DBD2}") = "tcg", "Assembly-CSharp.csproj", "{1A93E45D-AB87-627B-A5F4-22F20FAAF302}"
EndProject
Global
	GlobalSection(SolutionConfigurationPlatforms) = preSolution
		Debug|Any CPU = Debug|Any CPU
		Release|Any CPU = Release|Any CPU
	EndGlobalSection
	GlobalSection(ProjectConfigurationPlatforms) = postSolution
		{1A93E45D-AB87-627B-A5F4-22F20FAAF302}.Debug|Any CPU.ActiveCfg = Debug|Any CPU
		{1A93E45D-AB87-627B-A5F4-22F20FAAF302}.Debug|Any CPU.Build.0 = Debug|Any CPU
		{1A93E45D-AB87-627B-A5F4-22F20FAAF302}.Release|Any CPU.ActiveCfg = Release|Any CPU
		{1A93E45D-AB87-627B-A5F4-22F20FAAF302}.Release|Any CPU.Build.0 = Release|Any CPU
	EndGlobalSection
	GlobalSection(SolutionProperties) = preSolution
		HideSolutionNode = FALSE
	EndGlobalSection
	GlobalSection(MonoDevelopProperties) = preSolution
		StartupItem = Assembly-CSharp.csproj
	EndGlobalSection
EndGlobal
